
Microsoft Visual Studio Solution File, Format Version 12.00
# Visual Studio Version 17
VisualStudioVersion = 17.13.35913.81 d17.13
MinimumVisualStudioVersion = 10.0.40219.1
Project("{888888A0-9F3D-457C-B088-3A5042F75D52}") = "QuestionSevenPracticalOne", "QuestionSevenPracticalOne.pyproj", "{E331BABA-2FD2-40FD-8EA9-E2C2BDBF5C88}"
EndProject
Global
	GlobalSection(SolutionConfigurationPlatforms) = preSolution
		Debug|Any CPU = Debug|Any CPU
		Release|Any CPU = Release|Any CPU
	EndGlobalSection
	GlobalSection(ProjectConfigurationPlatforms) = postSolution
		{E331BABA-2FD2-40FD-8EA9-E2C2BDBF5C88}.Debug|Any CPU.ActiveCfg = Debug|Any CPU
		{E331BABA-2FD2-40FD-8EA9-E2C2BDBF5C88}.Release|Any CPU.ActiveCfg = Release|Any CPU
	EndGlobalSection
	GlobalSection(SolutionProperties) = preSolution
		HideSolutionNode = FALSE
	EndGlobalSection
	GlobalSection(ExtensibilityGlobals) = postSolution
		SolutionGuid = {162BED72-C1AC-416C-B51F-F9EE508EFA0C}
	EndGlobalSection
EndGlobal
